
Microsoft Visual Studio Solution File, Format Version 12.00
# Visual Studio Version 16
VisualStudioVersion = 16.0.31605.320
MinimumVisualStudioVersion = 10.0.40219.1
Project("{9A19103F-16F7-4668-BE54-9A1E7A4F7556}") = "GB-04-01", "GB-04-01\GB-04-01.csproj", "{38E3D46F-9DF5-4FD7-95B9-E181E4574782}"
EndProject
Project("{2150E333-8FDC-42A3-9474-1A3956D46DE8}") = "Solution Items", "Solution Items", "{6CF52B14-D385-4ADC-9389-DAC295AAA946}"
	ProjectSection(SolutionItems) = preProject
		README.md = README.md
	EndProjectSection
EndProject
Project("{9A19103F-16F7-4668-BE54-9A1E7A4F7556}") = "GB-04-02BankAccount", "GB-04-02BankAccount\GB-04-02BankAccount.csproj", "{FDD11DA0-0654-47B6-BB28-5DD5C4A8C65B}"
EndProject
Project("{9A19103F-16F7-4668-BE54-9A1E7A4F7556}") = "GB-04-02BankAccount02", "GB-04-02BankAccount02\GB-04-02BankAccount02.csproj", "{6AA2F664-2B1B-4404-AD88-2FDABBF4148F}"
EndProject
Project("{9A19103F-16F7-4668-BE54-9A1E7A4F7556}") = "GB-04-02BankAccount03", "GB-04-02BankAccount03\GB-04-02BankAccount03.csproj", "{0EB1AA8F-9698-4BE2-A1EE-9768EA23A0AC}"
EndProject
Project("{9A19103F-16F7-4668-BE54-9A1E7A4F7556}") = "GB-04-02BankAccount04", "GB-04-02BankAccount04\GB-04-02BankAccount04.csproj", "{98D0A9E5-FD08-4502-8F03-BD9A0755AE23}"
EndProject
Project("{9A19103F-16F7-4668-BE54-9A1E7A4F7556}") = "GB-04-06Task6Part1", "GB-04-06\GB-04-06Task6Part1.csproj", "{2FCE48B7-6716-41A5-A304-BB9B2946D0A4}"
EndProject
Project("{FAE04EC0-301F-11D3-BF4B-00C04F79EFBC}") = "GB-04-06Task6Test", "GB-04-06Task6Test\GB-04-06Task6Test.csproj", "{0921D427-50AB-4CE5-AC82-7F7022F89177}"
EndProject
Global
	GlobalSection(SolutionConfigurationPlatforms) = preSolution
		Debug|Any CPU = Debug|Any CPU
		Release|Any CPU = Release|Any CPU
	EndGlobalSection
	GlobalSection(ProjectConfigurationPlatforms) = postSolution
		{38E3D46F-9DF5-4FD7-95B9-E181E4574782}.Debug|Any CPU.ActiveCfg = Debug|Any CPU
		{38E3D46F-9DF5-4FD7-95B9-E181E4574782}.Debug|Any CPU.Build.0 = Debug|Any CPU
		{38E3D46F-9DF5-4FD7-95B9-E181E4574782}.Release|Any CPU.ActiveCfg = Release|Any CPU
		{38E3D46F-9DF5-4FD7-95B9-E181E4574782}.Release|Any CPU.Build.0 = Release|Any CPU
		{FDD11DA0-0654-47B6-BB28-5DD5C4A8C65B}.Debug|Any CPU.ActiveCfg = Debug|Any CPU
		{FDD11DA0-0654-47B6-BB28-5DD5C4A8C65B}.Debug|Any CPU.Build.0 = Debug|Any CPU
		{FDD11DA0-0654-47B6-BB28-5DD5C4A8C65B}.Release|Any CPU.ActiveCfg = Release|Any CPU
		{FDD11DA0-0654-47B6-BB28-5DD5C4A8C65B}.Release|Any CPU.Build.0 = Release|Any CPU
		{6AA2F664-2B1B-4404-AD88-2FDABBF4148F}.Debug|Any CPU.ActiveCfg = Debug|Any CPU
		{6AA2F664-2B1B-4404-AD88-2FDABBF4148F}.Debug|Any CPU.Build.0 = Debug|Any CPU
		{6AA2F664-2B1B-4404-AD88-2FDABBF4148F}.Release|Any CPU.ActiveCfg = Release|Any CPU
		{6AA2F664-2B1B-4404-AD88-2FDABBF4148F}.Release|Any CPU.Build.0 = Release|Any CPU
		{0EB1AA8F-9698-4BE2-A1EE-9768EA23A0AC}.Debug|Any CPU.ActiveCfg = Debug|Any CPU
		{0EB1AA8F-9698-4BE2-A1EE-9768EA23A0AC}.Debug|Any CPU.Build.0 = Debug|Any CPU
		{0EB1AA8F-9698-4BE2-A1EE-9768EA23A0AC}.Release|Any CPU.ActiveCfg = Release|Any CPU
		{0EB1AA8F-9698-4BE2-A1EE-9768EA23A0AC}.Release|Any CPU.Build.0 = Release|Any CPU
		{98D0A9E5-FD08-4502-8F03-BD9A0755AE23}.Debug|Any CPU.ActiveCfg = Debug|Any CPU
		{98D0A9E5-FD08-4502-8F03-BD9A0755AE23}.Debug|Any CPU.Build.0 = Debug|Any CPU
		{98D0A9E5-FD08-4502-8F03-BD9A0755AE23}.Release|Any CPU.ActiveCfg = Release|Any CPU
		{98D0A9E5-FD08-4502-8F03-BD9A0755AE23}.Release|Any CPU.Build.0 = Release|Any CPU
		{2FCE48B7-6716-41A5-A304-BB9B2946D0A4}.Debug|Any CPU.ActiveCfg = Debug|Any CPU
		{2FCE48B7-6716-41A5-A304-BB9B2946D0A4}.Debug|Any CPU.Build.0 = Debug|Any CPU
		{2FCE48B7-6716-41A5-A304-BB9B2946D0A4}.Release|Any CPU.ActiveCfg = Release|Any CPU
		{2FCE48B7-6716-41A5-A304-BB9B2946D0A4}.Release|Any CPU.Build.0 = Release|Any CPU
		{0921D427-50AB-4CE5-AC82-7F7022F89177}.Debug|Any CPU.ActiveCfg = Debug|Any CPU
		{0921D427-50AB-4CE5-AC82-7F7022F89177}.Debug|Any CPU.Build.0 = Debug|Any CPU
		{0921D427-50AB-4CE5-AC82-7F7022F89177}.Release|Any CPU.ActiveCfg = Release|Any CPU
		{0921D427-50AB-4CE5-AC82-7F7022F89177}.Release|Any CPU.Build.0 = Release|Any CPU
	EndGlobalSection
	GlobalSection(SolutionProperties) = preSolution
		HideSolutionNode = FALSE
	EndGlobalSection
	GlobalSection(ExtensibilityGlobals) = postSolution
		SolutionGuid = {36E4ED14-FF49-4630-AC07-6FF4E6BC1D23}
	EndGlobalSection
EndGlobal
